
Microsoft Visual Studio Solution File, Format Version 12.00
# Visual Studio Version 16
VisualStudioVersion = 16.0.32126.315
MinimumVisualStudioVersion = 10.0.40219.1
Project("{FAE04EC0-301F-11D3-BF4B-00C04F79EFBC}") = "ДЗ_13_v1", "ДЗ_13_v1\ДЗ_13_v1.csproj", "{776DB1F9-3DE9-435C-9A76-4FA2E34D3121}"
EndProject
Global
	GlobalSection(SolutionConfigurationPlatforms) = preSolution
		Debug|Any CPU = Debug|Any CPU
		Release|Any CPU = Release|Any CPU
	EndGlobalSection
	GlobalSection(ProjectConfigurationPlatforms) = postSolution
		{776DB1F9-3DE9-435C-9A76-4FA2E34D3121}.Debug|Any CPU.ActiveCfg = Debug|Any CPU
		{776DB1F9-3DE9-435C-9A76-4FA2E34D3121}.Debug|Any CPU.Build.0 = Debug|Any CPU
		{776DB1F9-3DE9-435C-9A76-4FA2E34D3121}.Release|Any CPU.ActiveCfg = Release|Any CPU
		{776DB1F9-3DE9-435C-9A76-4FA2E34D3121}.Release|Any CPU.Build.0 = Release|Any CPU
	EndGlobalSection
	GlobalSection(SolutionProperties) = preSolution
		HideSolutionNode = FALSE
	EndGlobalSection
	GlobalSection(ExtensibilityGlobals) = postSolution
		SolutionGuid = {F438EE4B-84CC-4414-BCBF-14138377181E}
	EndGlobalSection
EndGlobal
